# This file is autogenerated, do not edit; changes may be undone by the next 'dep ensure'.


[[projects]]
  branch = "master"
  name = "golang.org/x/crypto"
  packages = [
    "argon2",
    "bcrypt",
    "blake2b",
    "blowfish",
    "pbkdf2",
    "sha3"
  ]
  revision = "39efaea5da11abd5e2b90a435b1f338cdb94619c"

[solve-meta]
  analyzer-name = "dep"
  analyzer-version = 1
  inputs-digest = "4a5f470def98727255e27f000dbeca26e27bae81978f6dc9c679f47eaf469cbd"
  solver-name = "gps-cdcl"
  solver-version = 1
